// !$*UTF8*$!
{
	archiveVersion = 1;
	classes = {
	};
	objectVersion = 50;
	objects = {

/* Begin PBXBuildFile section */
		3112274F25EDD1890001E2B3 /* AppDelegate.m in Sources */ = {isa = PBXBuildFile; fileRef = 3112274E25EDD1890001E2B3 /* AppDelegate.m */; };
		3112275225EDD1890001E2B3 /* SceneDelegate.m in Sources */ = {isa = PBXBuildFile; fileRef = 3112275125EDD1890001E2B3 /* SceneDelegate.m */; };
		3112275525EDD1890001E2B3 /* ViewController.m in Sources */ = {isa = PBXBuildFile; fileRef = 3112275425EDD1890001E2B3 /* ViewController.m */; };
		3112275825EDD1890001E2B3 /* Main.storyboard in Resources */ = {isa = PBXBuildFile; fileRef = 3112275625EDD1890001E2B3 /* Main.storyboard */; };
		3112275A25EDD18B0001E2B3 /* Assets.xcassets in Resources */ = {isa = PBXBuildFile; fileRef = 3112275925EDD18B0001E2B3 /* Assets.xcassets */; };
		3112275D25EDD18B0001E2B3 /* LaunchScreen.storyboard in Resources */ = {isa = PBXBuildFile; fileRef = 3112275B25EDD18B0001E2B3 /* LaunchScreen.storyboard */; };
		3112276025EDD18B0001E2B3 /* main.m in Sources */ = {isa = PBXBuildFile; fileRef = 3112275F25EDD18B0001E2B3 /* main.m */; };
		3112277A25EDD9750001E2B3 /* BezierUtils.m in Sources */ = {isa = PBXBuildFile; fileRef = 3112276A25EDD9750001E2B3 /* BezierUtils.m */; };
		3112277B25EDD9750001E2B3 /* Drawing-Util.m in Sources */ = {isa = PBXBuildFile; fileRef = 3112276F25EDD9750001E2B3 /* Drawing-Util.m */; };
		3112277C25EDD9750001E2B3 /* Drawing-Block.m in Sources */ = {isa = PBXBuildFile; fileRef = 3112277025EDD9750001E2B3 /* Drawing-Block.m */; };
		3112277D25EDD9750001E2B3 /* ImageUtils.m in Sources */ = {isa = PBXBuildFile; fileRef = 3112277225EDD9750001E2B3 /* ImageUtils.m */; };
		3112277E25EDD9750001E2B3 /* BaseGeometry.m in Sources */ = {isa = PBXBuildFile; fileRef = 3112277625EDD9750001E2B3 /* BaseGeometry.m */; };
		3112277F25EDD9750001E2B3 /* Utility.m in Sources */ = {isa = PBXBuildFile; fileRef = 3112277825EDD9750001E2B3 /* Utility.m */; };
/* End PBXBuildFile section */

/* Begin PBXFileReference section */
		3112274A25EDD1890001E2B3 /* Practice_4_1.app */ = {isa = PBXFileReference; explicitFileType = wrapper.application; includeInIndex = 0; path = Practice_4_1.app; sourceTree = BUILT_PRODUCTS_DIR; };
		3112274D25EDD1890001E2B3 /* AppDelegate.h */ = {isa = PBXFileReference; lastKnownFileType = sourcecode.c.h; path = AppDelegate.h; sourceTree = "<group>"; };
		3112274E25EDD1890001E2B3 /* AppDelegate.m */ = {isa = PBXFileReference; lastKnownFileType = sourcecode.c.objc; path = AppDelegate.m; sourceTree = "<group>"; };
		3112275025EDD1890001E2B3 /* SceneDelegate.h */ = {isa = PBXFileReference; lastKnownFileType = sourcecode.c.h; path = SceneDelegate.h; sourceTree = "<group>"; };
		3112275125EDD1890001E2B3 /* SceneDelegate.m */ = {isa = PBXFileReference; lastKnownFileType = sourcecode.c.objc; path = SceneDelegate.m; sourceTree = "<group>"; };
		3112275325EDD1890001E2B3 /* ViewController.h */ = {isa = PBXFileReference; lastKnownFileType = sourcecode.c.h; path = ViewController.h; sourceTree = "<group>"; };
		3112275425EDD1890001E2B3 /* ViewController.m */ = {isa = PBXFileReference; lastKnownFileType = sourcecode.c.objc; path = ViewController.m; sourceTree = "<group>"; };
		3112275725EDD1890001E2B3 /* Base */ = {isa = PBXFileReference; lastKnownFileType = file.storyboard; name = Base; path = Base.lproj/Main.storyboard; sourceTree = "<group>"; };
		3112275925EDD18B0001E2B3 /* Assets.xcassets */ = {isa = PBXFileReference; lastKnownFileType = folder.assetcatalog; path = Assets.xcassets; sourceTree = "<group>"; };
		3112275C25EDD18B0001E2B3 /* Base */ = {isa = PBXFileReference; lastKnownFileType = file.storyboard; name = Base; path = Base.lproj/LaunchScreen.storyboard; sourceTree = "<group>"; };
		3112275E25EDD18B0001E2B3 /* Info.plist */ = {isa = PBXFileReference; lastKnownFileType = text.plist.xml; path = Info.plist; sourceTree = "<group>"; };
		3112275F25EDD18B0001E2B3 /* main.m */ = {isa = PBXFileReference; lastKnownFileType = sourcecode.c.objc; path = main.m; sourceTree = "<group>"; };
		3112276A25EDD9750001E2B3 /* BezierUtils.m */ = {isa = PBXFileReference; fileEncoding = 4; lastKnownFileType = sourcecode.c.objc; path = BezierUtils.m; sourceTree = "<group>"; };
		3112276B25EDD9750001E2B3 /* BezierUtils.h */ = {isa = PBXFileReference; fileEncoding = 4; lastKnownFileType = sourcecode.c.h; path = BezierUtils.h; sourceTree = "<group>"; };
		3112276D25EDD9750001E2B3 /* Drawing-Block.h */ = {isa = PBXFileReference; fileEncoding = 4; lastKnownFileType = sourcecode.c.h; path = "Drawing-Block.h"; sourceTree = "<group>"; };
		3112276E25EDD9750001E2B3 /* Drawing-Util.h */ = {isa = PBXFileReference; fileEncoding = 4; lastKnownFileType = sourcecode.c.h; path = "Drawing-Util.h"; sourceTree = "<group>"; };
		3112276F25EDD9750001E2B3 /* Drawing-Util.m */ = {isa = PBXFileReference; fileEncoding = 4; lastKnownFileType = sourcecode.c.objc; path = "Drawing-Util.m"; sourceTree = "<group>"; };
		3112277025EDD9750001E2B3 /* Drawing-Block.m */ = {isa = PBXFileReference; fileEncoding = 4; lastKnownFileType = sourcecode.c.objc; path = "Drawing-Block.m"; sourceTree = "<group>"; };
		3112277225EDD9750001E2B3 /* ImageUtils.m */ = {isa = PBXFileReference; fileEncoding = 4; lastKnownFileType = sourcecode.c.objc; path = ImageUtils.m; sourceTree = "<group>"; };
		3112277325EDD9750001E2B3 /* ImageUtils.h */ = {isa = PBXFileReference; fileEncoding = 4; lastKnownFileType = sourcecode.c.h; path = ImageUtils.h; sourceTree = "<group>"; };
		3112277525EDD9750001E2B3 /* BaseGeometry.h */ = {isa = PBXFileReference; fileEncoding = 4; lastKnownFileType = sourcecode.c.h; path = BaseGeometry.h; sourceTree = "<group>"; };
		3112277625EDD9750001E2B3 /* BaseGeometry.m */ = {isa = PBXFileReference; fileEncoding = 4; lastKnownFileType = sourcecode.c.objc; path = BaseGeometry.m; sourceTree = "<group>"; };
		3112277825EDD9750001E2B3 /* Utility.m */ = {isa = PBXFileReference; fileEncoding = 4; lastKnownFileType = sourcecode.c.objc; path = Utility.m; sourceTree = "<group>"; };
		3112277925EDD9750001E2B3 /* Utility.h */ = {isa = PBXFileReference; fileEncoding = 4; lastKnownFileType = sourcecode.c.h; path = Utility.h; sourceTree = "<group>"; };
		3112278125EDDA050001E2B3 /* Practice_4_1.pch */ = {isa = PBXFileReference; lastKnownFileType = sourcecode.c.h; path = Practice_4_1.pch; sourceTree = "<group>"; };
/* End PBXFileReference section */

/* Begin PBXFrameworksBuildPhase section */
		3112274725EDD1890001E2B3 /* Frameworks */ = {
			isa = PBXFrameworksBuildPhase;
			buildActionMask = 2147483647;
			files = (
			);
			runOnlyForDeploymentPostprocessing = 0;
		};
/* End PBXFrameworksBuildPhase section */

/* Begin PBXGroup section */
		3112274125EDD1890001E2B3 = {
			isa = PBXGroup;
			children = (
				3112274C25EDD1890001E2B3 /* Practice_4_1 */,
				3112274B25EDD1890001E2B3 /* Products */,
			);
			sourceTree = "<group>";
		};
		3112274B25EDD1890001E2B3 /* Products */ = {
			isa = PBXGroup;
			children = (
				3112274A25EDD1890001E2B3 /* Practice_4_1.app */,
			);
			name = Products;
			sourceTree = "<group>";
		};
		3112274C25EDD1890001E2B3 /* Practice_4_1 */ = {
			isa = PBXGroup;
			children = (
				3112276825EDD9750001E2B3 /* Quartz Book Pack */,
				3112274D25EDD1890001E2B3 /* AppDelegate.h */,
				3112274E25EDD1890001E2B3 /* AppDelegate.m */,
				3112275025EDD1890001E2B3 /* SceneDelegate.h */,
				3112275125EDD1890001E2B3 /* SceneDelegate.m */,
				3112275325EDD1890001E2B3 /* ViewController.h */,
				3112275425EDD1890001E2B3 /* ViewController.m */,
				3112275625EDD1890001E2B3 /* Main.storyboard */,
				3112275925EDD18B0001E2B3 /* Assets.xcassets */,
				3112275B25EDD18B0001E2B3 /* LaunchScreen.storyboard */,
				3112275E25EDD18B0001E2B3 /* Info.plist */,
				3112275F25EDD18B0001E2B3 /* main.m */,
				3112278125EDDA050001E2B3 /* Practice_4_1.pch */,
			);
			path = Practice_4_1;
			sourceTree = "<group>";
		};
		3112276825EDD9750001E2B3 /* Quartz Book Pack */ = {
			isa = PBXGroup;
			children = (
				3112276925EDD9750001E2B3 /* Bezier */,
				3112276C25EDD9750001E2B3 /* Drawing */,
				3112277125EDD9750001E2B3 /* Image */,
				3112277425EDD9750001E2B3 /* Geometry */,
				3112277725EDD9750001E2B3 /* Utility */,
			);
			path = "Quartz Book Pack";
			sourceTree = "<group>";
		};
		3112276925EDD9750001E2B3 /* Bezier */ = {
			isa = PBXGroup;
			children = (
				3112276A25EDD9750001E2B3 /* BezierUtils.m */,
				3112276B25EDD9750001E2B3 /* BezierUtils.h */,
			);
			path = Bezier;
			sourceTree = "<group>";
		};
		3112276C25EDD9750001E2B3 /* Drawing */ = {
			isa = PBXGroup;
			children = (
				3112276D25EDD9750001E2B3 /* Drawing-Block.h */,
				3112276E25EDD9750001E2B3 /* Drawing-Util.h */,
				3112276F25EDD9750001E2B3 /* Drawing-Util.m */,
				3112277025EDD9750001E2B3 /* Drawing-Block.m */,
			);
			path = Drawing;
			sourceTree = "<group>";
		};
		3112277125EDD9750001E2B3 /* Image */ = {
			isa = PBXGroup;
			children = (
				3112277225EDD9750001E2B3 /* ImageUtils.m */,
				3112277325EDD9750001E2B3 /* ImageUtils.h */,
			);
			path = Image;
			sourceTree = "<group>";
		};
		3112277425EDD9750001E2B3 /* Geometry */ = {
			isa = PBXGroup;
			children = (
				3112277525EDD9750001E2B3 /* BaseGeometry.h */,
				3112277625EDD9750001E2B3 /* BaseGeometry.m */,
			);
			path = Geometry;
			sourceTree = "<group>";
		};
		3112277725EDD9750001E2B3 /* Utility */ = {
			isa = PBXGroup;
			children = (
				3112277825EDD9750001E2B3 /* Utility.m */,
				3112277925EDD9750001E2B3 /* Utility.h */,
			);
			path = Utility;
			sourceTree = "<group>";
		};
/* End PBXGroup section */

/* Begin PBXNativeTarget section */
		3112274925EDD1890001E2B3 /* Practice_4_1 */ = {
			isa = PBXNativeTarget;
			buildConfigurationList = 3112276325EDD18B0001E2B3 /* Build configuration list for PBXNativeTarget "Practice_4_1" */;
			buildPhases = (
				3112274625EDD1890001E2B3 /* Sources */,
				3112274725EDD1890001E2B3 /* Frameworks */,
				3112274825EDD1890001E2B3 /* Resources */,
			);
			buildRules = (
			);
			dependencies = (
			);
			name = Practice_4_1;
			productName = Practice_4_1;
			productReference = 3112274A25EDD1890001E2B3 /* Practice_4_1.app */;
			productType = "com.apple.product-type.application";
		};
/* End PBXNativeTarget section */

/* Begin PBXProject section */
		3112274225EDD1890001E2B3 /* Project object */ = {
			isa = PBXProject;
			attributes = {
				LastUpgradeCheck = 1240;
				TargetAttributes = {
					3112274925EDD1890001E2B3 = {
						CreatedOnToolsVersion = 12.4;
					};
				};
			};
			buildConfigurationList = 3112274525EDD1890001E2B3 /* Build configuration list for PBXProject "Practice_4_1" */;
			compatibilityVersion = "Xcode 9.3";
			developmentRegion = en;
			hasScannedForEncodings = 0;
			knownRegions = (
				en,
				Base,
			);
			mainGroup = 3112274125EDD1890001E2B3;
			productRefGroup = 3112274B25EDD1890001E2B3 /* Products */;
			projectDirPath = "";
			projectRoot = "";
			targets = (
				3112274925EDD1890001E2B3 /* Practice_4_1 */,
			);
		};
/* End PBXProject section */

/* Begin PBXResourcesBuildPhase section */
		3112274825EDD1890001E2B3 /* Resources */ = {
			isa = PBXResourcesBuildPhase;
			buildActionMask = 2147483647;
			files = (
				3112275D25EDD18B0001E2B3 /* LaunchScreen.storyboard in Resources */,
				3112275A25EDD18B0001E2B3 /* Assets.xcassets in Resources */,
				3112275825EDD1890001E2B3 /* Main.storyboard in Resources */,
			);
			runOnlyForDeploymentPostprocessing = 0;
		};
/* End PBXResourcesBuildPhase section */

/* Begin PBXSourcesBuildPhase section */
		3112274625EDD1890001E2B3 /* Sources */ = {
			isa = PBXSourcesBuildPhase;
			buildActionMask = 2147483647;
			files = (
				3112275525EDD1890001E2B3 /* ViewController.m in Sources */,
				3112277A25EDD9750001E2B3 /* BezierUtils.m in Sources */,
				3112277F25EDD9750001E2B3 /* Utility.m in Sources */,
				3112277B25EDD9750001E2B3 /* Drawing-Util.m in Sources */,
				3112277D25EDD9750001E2B3 /* ImageUtils.m in Sources */,
				3112274F25EDD1890001E2B3 /* AppDelegate.m in Sources */,
				3112277E25EDD9750001E2B3 /* BaseGeometry.m in Sources */,
				3112276025EDD18B0001E2B3 /* main.m in Sources */,
				3112275225EDD1890001E2B3 /* SceneDelegate.m in Sources */,
				3112277C25EDD9750001E2B3 /* Drawing-Block.m in Sources */,
			);
			runOnlyForDeploymentPostprocessing = 0;
		};
/* End PBXSourcesBuildPhase section */

/* Begin PBXVariantGroup section */
		3112275625EDD1890001E2B3 /* Main.storyboard */ = {
			isa = PBXVariantGroup;
			children = (
				3112275725EDD1890001E2B3 /* Base */,
			);
			name = Main.storyboard;
			sourceTree = "<group>";
		};
		3112275B25EDD18B0001E2B3 /* LaunchScreen.storyboard */ = {
			isa = PBXVariantGroup;
			children = (
				3112275C25EDD18B0001E2B3 /* Base */,
			);
			name = LaunchScreen.storyboard;
			sourceTree = "<group>";
		};
/* End PBXVariantGroup section */

/* Begin XCBuildConfiguration section */
		3112276125EDD18B0001E2B3 /* Debug */ = {
			isa = XCBuildConfiguration;
			buildSettings = {
				ALWAYS_SEARCH_USER_PATHS = NO;
				CLANG_ANALYZER_NONNULL = YES;
				CLANG_ANALYZER_NUMBER_OBJECT_CONVERSION = YES_AGGRESSIVE;
				CLANG_CXX_LANGUAGE_STANDARD = "gnu++14";
				CLANG_CXX_LIBRARY = "libc++";
				CLANG_ENABLE_MODULES = YES;
				CLANG_ENABLE_OBJC_ARC = YES;
				CLANG_ENABLE_OBJC_WEAK = YES;
				CLANG_WARN_BLOCK_CAPTURE_AUTORELEASING = YES;
				CLANG_WARN_BOOL_CONVERSION = YES;
				CLANG_WARN_COMMA = YES;
				CLANG_WARN_CONSTANT_CONVERSION = YES;
				CLANG_WARN_DEPRECATED_OBJC_IMPLEMENTATIONS = YES;
				CLANG_WARN_DIRECT_OBJC_ISA_USAGE = YES_ERROR;
				CLANG_WARN_DOCUMENTATION_COMMENTS = YES;
				CLANG_WARN_EMPTY_BODY = YES;
				CLANG_WARN_ENUM_CONVERSION = YES;
				CLANG_WARN_INFINITE_RECURSION = YES;
				CLANG_WARN_INT_CONVERSION = YES;
				CLANG_WARN_NON_LITERAL_NULL_CONVERSION = YES;
				CLANG_WARN_OBJC_IMPLICIT_RETAIN_SELF = YES;
				CLANG_WARN_OBJC_LITERAL_CONVERSION = YES;
				CLANG_WARN_OBJC_ROOT_CLASS = YES_ERROR;
				CLANG_WARN_QUOTED_INCLUDE_IN_FRAMEWORK_HEADER = YES;
				CLANG_WARN_RANGE_LOOP_ANALYSIS = YES;
				CLANG_WARN_STRICT_PROTOTYPES = YES;
				CLANG_WARN_SUSPICIOUS_MOVE = YES;
				CLANG_WARN_UNGUARDED_AVAILABILITY = YES_AGGRESSIVE;
				CLANG_WARN_UNREACHABLE_CODE = YES;
				CLANG_WARN__DUPLICATE_METHOD_MATCH = YES;
				COPY_PHASE_STRIP = NO;
				DEBUG_INFORMATION_FORMAT = dwarf;
				ENABLE_STRICT_OBJC_MSGSEND = YES;
				ENABLE_TESTABILITY = YES;
				GCC_C_LANGUAGE_STANDARD = gnu11;
				GCC_DYNAMIC_NO_PIC = NO;
				GCC_NO_COMMON_BLOCKS = YES;
				GCC_OPTIMIZATION_LEVEL = 0;
				GCC_PREPROCESSOR_DEFINITIONS = (
					"DEBUG=1",
					"$(inherited)",
				);
				GCC_WARN_64_TO_32_BIT_CONVERSION = YES;
				GCC_WARN_ABOUT_RETURN_TYPE = YES_ERROR;
				GCC_WARN_UNDECLARED_SELECTOR = YES;
				GCC_WARN_UNINITIALIZED_AUTOS = YES_AGGRESSIVE;
				GCC_WARN_UNUSED_FUNCTION = YES;
				GCC_WARN_UNUSED_VARIABLE = YES;
				IPHONEOS_DEPLOYMENT_TARGET = 14.4;
				MTL_ENABLE_DEBUG_INFO = INCLUDE_SOURCE;
				MTL_FAST_MATH = YES;
				ONLY_ACTIVE_ARCH = YES;
				SDKROOT = iphoneos;
			};
			name = Debug;
		};
		3112276225EDD18B0001E2B3 /* Release */ = {
			isa = XCBuildConfiguration;
			buildSettings = {
				ALWAYS_SEARCH_USER_PATHS = NO;
				CLANG_ANALYZER_NONNULL = YES;
				CLANG_ANALYZER_NUMBER_OBJECT_CONVERSION = YES_AGGRESSIVE;
				CLANG_CXX_LANGUAGE_STANDARD = "gnu++14";
				CLANG_CXX_LIBRARY = "libc++";
				CLANG_ENABLE_MODULES = YES;
				CLANG_ENABLE_OBJC_ARC = YES;
				CLANG_ENABLE_OBJC_WEAK = YES;
				CLANG_WARN_BLOCK_CAPTURE_AUTORELEASING = YES;
				CLANG_WARN_BOOL_CONVERSION = YES;
				CLANG_WARN_COMMA = YES;
				CLANG_WARN_CONSTANT_CONVERSION = YES;
				CLANG_WARN_DEPRECATED_OBJC_IMPLEMENTATIONS = YES;
				CLANG_WARN_DIRECT_OBJC_ISA_USAGE = YES_ERROR;
				CLANG_WARN_DOCUMENTATION_COMMENTS = YES;
				CLANG_WARN_EMPTY_BODY = YES;
				CLANG_WARN_ENUM_CONVERSION = YES;
				CLANG_WARN_INFINITE_RECURSION = YES;
				CLANG_WARN_INT_CONVERSION = YES;
				CLANG_WARN_NON_LITERAL_NULL_CONVERSION = YES;
				CLANG_WARN_OBJC_IMPLICIT_RETAIN_SELF = YES;
				CLANG_WARN_OBJC_LITERAL_CONVERSION = YES;
				CLANG_WARN_OBJC_ROOT_CLASS = YES_ERROR;
				CLANG_WARN_QUOTED_INCLUDE_IN_FRAMEWORK_HEADER = YES;
				CLANG_WARN_RANGE_LOOP_ANALYSIS = YES;
				CLANG_WARN_STRICT_PROTOTYPES = YES;
				CLANG_WARN_SUSPICIOUS_MOVE = YES;
				CLANG_WARN_UNGUARDED_AVAILABILITY = YES_AGGRESSIVE;
				CLANG_WARN_UNREACHABLE_CODE = YES;
				CLANG_WARN__DUPLICATE_METHOD_MATCH = YES;
				COPY_PHASE_STRIP = NO;
				DEBUG_INFORMATION_FORMAT = "dwarf-with-dsym";
				ENABLE_NS_ASSERTIONS = NO;
				ENABLE_STRICT_OBJC_MSGSEND = YES;
				GCC_C_LANGUAGE_STANDARD = gnu11;
				GCC_NO_COMMON_BLOCKS = YES;
				GCC_WARN_64_TO_32_BIT_CONVERSION = YES;
				GCC_WARN_ABOUT_RETURN_TYPE = YES_ERROR;
				GCC_WARN_UNDECLARED_SELECTOR = YES;
				GCC_WARN_UNINITIALIZED_AUTOS = YES_AGGRESSIVE;
				GCC_WARN_UNUSED_FUNCTION = YES;
				GCC_WARN_UNUSED_VARIABLE = YES;
				IPHONEOS_DEPLOYMENT_TARGET = 14.4;
				MTL_ENABLE_DEBUG_INFO = NO;
				MTL_FAST_MATH = YES;
				SDKROOT = iphoneos;
				VALIDATE_PRODUCT = YES;
			};
			name = Release;
		};
		3112276425EDD18B0001E2B3 /* Debug */ = {
			isa = XCBuildConfiguration;
			buildSettings = {
				ASSETCATALOG_COMPILER_APPICON_NAME = AppIcon;
				ASSETCATALOG_COMPILER_GLOBAL_ACCENT_COLOR_NAME = AccentColor;
				CODE_SIGN_STYLE = Automatic;
				GCC_PRECOMPILE_PREFIX_HEADER = YES;
				GCC_PREFIX_HEADER = "$(SRCROOT)/Practice_4_1/Practice_4_1.pch";
				INFOPLIST_FILE = Practice_4_1/Info.plist;
				LD_RUNPATH_SEARCH_PATHS = (
					"$(inherited)",
					"@executable_path/Frameworks",
				);
				PRODUCT_BUNDLE_IDENTIFIER = "generic.Practice-4-1";
				PRODUCT_NAME = "$(TARGET_NAME)";
				TARGETED_DEVICE_FAMILY = "1,2";
			};
			name = Debug;
		};
		3112276525EDD18B0001E2B3 /* Release */ = {
			isa = XCBuildConfiguration;
			buildSettings = {
				ASSETCATALOG_COMPILER_APPICON_NAME = AppIcon;
				ASSETCATALOG_COMPILER_GLOBAL_ACCENT_COLOR_NAME = AccentColor;
				CODE_SIGN_STYLE = Automatic;
				GCC_PRECOMPILE_PREFIX_HEADER = YES;
				GCC_PREFIX_HEADER = "$(SRCROOT)/Practice_4_1/Practice_4_1.pch";
				INFOPLIST_FILE = Practice_4_1/Info.plist;
				LD_RUNPATH_SEARCH_PATHS = (
					"$(inherited)",
					"@executable_path/Frameworks",
				);
				PRODUCT_BUNDLE_IDENTIFIER = "generic.Practice-4-1";
				PRODUCT_NAME = "$(TARGET_NAME)";
				TARGETED_DEVICE_FAMILY = "1,2";
			};
			name = Release;
		};
/* End XCBuildConfiguration section */

/* Begin XCConfigurationList section */
		3112274525EDD1890001E2B3 /* Build configuration list for PBXProject "Practice_4_1" */ = {
			isa = XCConfigurationList;
			buildConfigurations = (
				3112276125EDD18B0001E2B3 /* Debug */,
				3112276225EDD18B0001E2B3 /* Release */,
			);
			defaultConfigurationIsVisible = 0;
			defaultConfigurationName = Release;
		};
		3112276325EDD18B0001E2B3 /* Build configuration list for PBXNativeTarget "Practice_4_1" */ = {
			isa = XCConfigurationList;
			buildConfigurations = (
				3112276425EDD18B0001E2B3 /* Debug */,
				3112276525EDD18B0001E2B3 /* Release */,
			);
			defaultConfigurationIsVisible = 0;
			defaultConfigurationName = Release;
		};
/* End XCConfigurationList section */
	};
	rootObject = 3112274225EDD1890001E2B3 /* Project object */;
}
