// !$*UTF8*$!
{
	archiveVersion = 1;
	classes = {
	};
	objectVersion = 50;
	objects = {

/* Begin PBXBuildFile section */
		31C1A89A2601AE9D00F0AF9C /* BezierFunctions.m in Sources */ = {isa = PBXBuildFile; fileRef = 31C1A8822601AE9D00F0AF9C /* BezierFunctions.m */; };
		31C1A89B2601AE9D00F0AF9C /* BezierElement.m in Sources */ = {isa = PBXBuildFile; fileRef = 31C1A8842601AE9D00F0AF9C /* BezierElement.m */; };
		31C1A89C2601AE9D00F0AF9C /* BezierUtils.m in Sources */ = {isa = PBXBuildFile; fileRef = 31C1A8852601AE9D00F0AF9C /* BezierUtils.m */; };
		31C1A89D2601AE9D00F0AF9C /* UIBezierPath+Elements.m in Sources */ = {isa = PBXBuildFile; fileRef = 31C1A8882601AE9D00F0AF9C /* UIBezierPath+Elements.m */; };
		31C1A89E2601AE9D00F0AF9C /* Drawing-Util.m in Sources */ = {isa = PBXBuildFile; fileRef = 31C1A88E2601AE9D00F0AF9C /* Drawing-Util.m */; };
		31C1A89F2601AE9D00F0AF9C /* Drawing-Block.m in Sources */ = {isa = PBXBuildFile; fileRef = 31C1A88F2601AE9D00F0AF9C /* Drawing-Block.m */; };
		31C1A8A02601AE9D00F0AF9C /* Drawing-Gradient.m in Sources */ = {isa = PBXBuildFile; fileRef = 31C1A8902601AE9D00F0AF9C /* Drawing-Gradient.m */; };
		31C1A8A12601AE9D00F0AF9C /* ImageUtils.m in Sources */ = {isa = PBXBuildFile; fileRef = 31C1A8922601AE9D00F0AF9C /* ImageUtils.m */; };
		31C1A8A22601AE9D00F0AF9C /* BaseGeometry.m in Sources */ = {isa = PBXBuildFile; fileRef = 31C1A8962601AE9D00F0AF9C /* BaseGeometry.m */; };
		31C1A8A32601AE9D00F0AF9C /* Utility.m in Sources */ = {isa = PBXBuildFile; fileRef = 31C1A8982601AE9D00F0AF9C /* Utility.m */; };
		31CE2D1A2600B07800FCF46A /* AppDelegate.m in Sources */ = {isa = PBXBuildFile; fileRef = 31CE2D192600B07800FCF46A /* AppDelegate.m */; };
		31CE2D1D2600B07800FCF46A /* SceneDelegate.m in Sources */ = {isa = PBXBuildFile; fileRef = 31CE2D1C2600B07800FCF46A /* SceneDelegate.m */; };
		31CE2D202600B07800FCF46A /* ViewController.m in Sources */ = {isa = PBXBuildFile; fileRef = 31CE2D1F2600B07800FCF46A /* ViewController.m */; };
		31CE2D232600B07800FCF46A /* Main.storyboard in Resources */ = {isa = PBXBuildFile; fileRef = 31CE2D212600B07800FCF46A /* Main.storyboard */; };
		31CE2D252600B07B00FCF46A /* Assets.xcassets in Resources */ = {isa = PBXBuildFile; fileRef = 31CE2D242600B07B00FCF46A /* Assets.xcassets */; };
		31CE2D282600B07B00FCF46A /* LaunchScreen.storyboard in Resources */ = {isa = PBXBuildFile; fileRef = 31CE2D262600B07B00FCF46A /* LaunchScreen.storyboard */; };
		31CE2D2B2600B07B00FCF46A /* main.m in Sources */ = {isa = PBXBuildFile; fileRef = 31CE2D2A2600B07B00FCF46A /* main.m */; };
		31CE2D342600B15700FCF46A /* MyGradient.m in Sources */ = {isa = PBXBuildFile; fileRef = 31CE2D332600B15700FCF46A /* MyGradient.m */; };
/* End PBXBuildFile section */

/* Begin PBXFileReference section */
		31C1A8812601AE9D00F0AF9C /* Bezier.h */ = {isa = PBXFileReference; fileEncoding = 4; lastKnownFileType = sourcecode.c.h; path = Bezier.h; sourceTree = "<group>"; };
		31C1A8822601AE9D00F0AF9C /* BezierFunctions.m */ = {isa = PBXFileReference; fileEncoding = 4; lastKnownFileType = sourcecode.c.objc; path = BezierFunctions.m; sourceTree = "<group>"; };
		31C1A8832601AE9D00F0AF9C /* UIBezierPath+Elements.h */ = {isa = PBXFileReference; fileEncoding = 4; lastKnownFileType = sourcecode.c.h; path = "UIBezierPath+Elements.h"; sourceTree = "<group>"; };
		31C1A8842601AE9D00F0AF9C /* BezierElement.m */ = {isa = PBXFileReference; fileEncoding = 4; lastKnownFileType = sourcecode.c.objc; path = BezierElement.m; sourceTree = "<group>"; };
		31C1A8852601AE9D00F0AF9C /* BezierUtils.m */ = {isa = PBXFileReference; fileEncoding = 4; lastKnownFileType = sourcecode.c.objc; path = BezierUtils.m; sourceTree = "<group>"; };
		31C1A8862601AE9D00F0AF9C /* BezierElement.h */ = {isa = PBXFileReference; fileEncoding = 4; lastKnownFileType = sourcecode.c.h; path = BezierElement.h; sourceTree = "<group>"; };
		31C1A8872601AE9D00F0AF9C /* BezierUtils.h */ = {isa = PBXFileReference; fileEncoding = 4; lastKnownFileType = sourcecode.c.h; path = BezierUtils.h; sourceTree = "<group>"; };
		31C1A8882601AE9D00F0AF9C /* UIBezierPath+Elements.m */ = {isa = PBXFileReference; fileEncoding = 4; lastKnownFileType = sourcecode.c.objc; path = "UIBezierPath+Elements.m"; sourceTree = "<group>"; };
		31C1A8892601AE9D00F0AF9C /* BezierFunctions.h */ = {isa = PBXFileReference; fileEncoding = 4; lastKnownFileType = sourcecode.c.h; path = BezierFunctions.h; sourceTree = "<group>"; };
		31C1A88B2601AE9D00F0AF9C /* Drawing-Block.h */ = {isa = PBXFileReference; fileEncoding = 4; lastKnownFileType = sourcecode.c.h; path = "Drawing-Block.h"; sourceTree = "<group>"; };
		31C1A88C2601AE9D00F0AF9C /* Drawing-Util.h */ = {isa = PBXFileReference; fileEncoding = 4; lastKnownFileType = sourcecode.c.h; path = "Drawing-Util.h"; sourceTree = "<group>"; };
		31C1A88D2601AE9D00F0AF9C /* Drawing-Gradient.h */ = {isa = PBXFileReference; fileEncoding = 4; lastKnownFileType = sourcecode.c.h; path = "Drawing-Gradient.h"; sourceTree = "<group>"; };
		31C1A88E2601AE9D00F0AF9C /* Drawing-Util.m */ = {isa = PBXFileReference; fileEncoding = 4; lastKnownFileType = sourcecode.c.objc; path = "Drawing-Util.m"; sourceTree = "<group>"; };
		31C1A88F2601AE9D00F0AF9C /* Drawing-Block.m */ = {isa = PBXFileReference; fileEncoding = 4; lastKnownFileType = sourcecode.c.objc; path = "Drawing-Block.m"; sourceTree = "<group>"; };
		31C1A8902601AE9D00F0AF9C /* Drawing-Gradient.m */ = {isa = PBXFileReference; fileEncoding = 4; lastKnownFileType = sourcecode.c.objc; path = "Drawing-Gradient.m"; sourceTree = "<group>"; };
		31C1A8922601AE9D00F0AF9C /* ImageUtils.m */ = {isa = PBXFileReference; fileEncoding = 4; lastKnownFileType = sourcecode.c.objc; path = ImageUtils.m; sourceTree = "<group>"; };
		31C1A8932601AE9D00F0AF9C /* ImageUtils.h */ = {isa = PBXFileReference; fileEncoding = 4; lastKnownFileType = sourcecode.c.h; path = ImageUtils.h; sourceTree = "<group>"; };
		31C1A8952601AE9D00F0AF9C /* BaseGeometry.h */ = {isa = PBXFileReference; fileEncoding = 4; lastKnownFileType = sourcecode.c.h; path = BaseGeometry.h; sourceTree = "<group>"; };
		31C1A8962601AE9D00F0AF9C /* BaseGeometry.m */ = {isa = PBXFileReference; fileEncoding = 4; lastKnownFileType = sourcecode.c.objc; path = BaseGeometry.m; sourceTree = "<group>"; };
		31C1A8982601AE9D00F0AF9C /* Utility.m */ = {isa = PBXFileReference; fileEncoding = 4; lastKnownFileType = sourcecode.c.objc; path = Utility.m; sourceTree = "<group>"; };
		31C1A8992601AE9D00F0AF9C /* Utility.h */ = {isa = PBXFileReference; fileEncoding = 4; lastKnownFileType = sourcecode.c.h; path = Utility.h; sourceTree = "<group>"; };
		31C1A8A52601B25400F0AF9C /* Practice_6_1.pch */ = {isa = PBXFileReference; lastKnownFileType = sourcecode.c.h; path = Practice_6_1.pch; sourceTree = "<group>"; };
		31CE2D152600B07800FCF46A /* Practice_6_1.app */ = {isa = PBXFileReference; explicitFileType = wrapper.application; includeInIndex = 0; path = Practice_6_1.app; sourceTree = BUILT_PRODUCTS_DIR; };
		31CE2D182600B07800FCF46A /* AppDelegate.h */ = {isa = PBXFileReference; lastKnownFileType = sourcecode.c.h; path = AppDelegate.h; sourceTree = "<group>"; };
		31CE2D192600B07800FCF46A /* AppDelegate.m */ = {isa = PBXFileReference; lastKnownFileType = sourcecode.c.objc; path = AppDelegate.m; sourceTree = "<group>"; };
		31CE2D1B2600B07800FCF46A /* SceneDelegate.h */ = {isa = PBXFileReference; lastKnownFileType = sourcecode.c.h; path = SceneDelegate.h; sourceTree = "<group>"; };
		31CE2D1C2600B07800FCF46A /* SceneDelegate.m */ = {isa = PBXFileReference; lastKnownFileType = sourcecode.c.objc; path = SceneDelegate.m; sourceTree = "<group>"; };
		31CE2D1E2600B07800FCF46A /* ViewController.h */ = {isa = PBXFileReference; lastKnownFileType = sourcecode.c.h; path = ViewController.h; sourceTree = "<group>"; };
		31CE2D1F2600B07800FCF46A /* ViewController.m */ = {isa = PBXFileReference; lastKnownFileType = sourcecode.c.objc; path = ViewController.m; sourceTree = "<group>"; };
		31CE2D222600B07800FCF46A /* Base */ = {isa = PBXFileReference; lastKnownFileType = file.storyboard; name = Base; path = Base.lproj/Main.storyboard; sourceTree = "<group>"; };
		31CE2D242600B07B00FCF46A /* Assets.xcassets */ = {isa = PBXFileReference; lastKnownFileType = folder.assetcatalog; path = Assets.xcassets; sourceTree = "<group>"; };
		31CE2D272600B07B00FCF46A /* Base */ = {isa = PBXFileReference; lastKnownFileType = file.storyboard; name = Base; path = Base.lproj/LaunchScreen.storyboard; sourceTree = "<group>"; };
		31CE2D292600B07B00FCF46A /* Info.plist */ = {isa = PBXFileReference; lastKnownFileType = text.plist.xml; path = Info.plist; sourceTree = "<group>"; };
		31CE2D2A2600B07B00FCF46A /* main.m */ = {isa = PBXFileReference; lastKnownFileType = sourcecode.c.objc; path = main.m; sourceTree = "<group>"; };
		31CE2D322600B15700FCF46A /* MyGradient.h */ = {isa = PBXFileReference; lastKnownFileType = sourcecode.c.h; path = MyGradient.h; sourceTree = "<group>"; };
		31CE2D332600B15700FCF46A /* MyGradient.m */ = {isa = PBXFileReference; lastKnownFileType = sourcecode.c.objc; path = MyGradient.m; sourceTree = "<group>"; };
/* End PBXFileReference section */

/* Begin PBXFrameworksBuildPhase section */
		31CE2D122600B07800FCF46A /* Frameworks */ = {
			isa = PBXFrameworksBuildPhase;
			buildActionMask = 2147483647;
			files = (
			);
			runOnlyForDeploymentPostprocessing = 0;
		};
/* End PBXFrameworksBuildPhase section */

/* Begin PBXGroup section */
		31C1A87F2601AE9D00F0AF9C /* Quartz Book Pack */ = {
			isa = PBXGroup;
			children = (
				31C1A8802601AE9D00F0AF9C /* Bezier */,
				31C1A88A2601AE9D00F0AF9C /* Drawing */,
				31C1A8912601AE9D00F0AF9C /* Image */,
				31C1A8942601AE9D00F0AF9C /* Geometry */,
				31C1A8972601AE9D00F0AF9C /* Utility */,
			);
			path = "Quartz Book Pack";
			sourceTree = "<group>";
		};
		31C1A8802601AE9D00F0AF9C /* Bezier */ = {
			isa = PBXGroup;
			children = (
				31C1A8812601AE9D00F0AF9C /* Bezier.h */,
				31C1A8822601AE9D00F0AF9C /* BezierFunctions.m */,
				31C1A8832601AE9D00F0AF9C /* UIBezierPath+Elements.h */,
				31C1A8842601AE9D00F0AF9C /* BezierElement.m */,
				31C1A8852601AE9D00F0AF9C /* BezierUtils.m */,
				31C1A8862601AE9D00F0AF9C /* BezierElement.h */,
				31C1A8872601AE9D00F0AF9C /* BezierUtils.h */,
				31C1A8882601AE9D00F0AF9C /* UIBezierPath+Elements.m */,
				31C1A8892601AE9D00F0AF9C /* BezierFunctions.h */,
			);
			path = Bezier;
			sourceTree = "<group>";
		};
		31C1A88A2601AE9D00F0AF9C /* Drawing */ = {
			isa = PBXGroup;
			children = (
				31C1A88B2601AE9D00F0AF9C /* Drawing-Block.h */,
				31C1A88C2601AE9D00F0AF9C /* Drawing-Util.h */,
				31C1A88D2601AE9D00F0AF9C /* Drawing-Gradient.h */,
				31C1A88E2601AE9D00F0AF9C /* Drawing-Util.m */,
				31C1A88F2601AE9D00F0AF9C /* Drawing-Block.m */,
				31C1A8902601AE9D00F0AF9C /* Drawing-Gradient.m */,
			);
			path = Drawing;
			sourceTree = "<group>";
		};
		31C1A8912601AE9D00F0AF9C /* Image */ = {
			isa = PBXGroup;
			children = (
				31C1A8922601AE9D00F0AF9C /* ImageUtils.m */,
				31C1A8932601AE9D00F0AF9C /* ImageUtils.h */,
			);
			path = Image;
			sourceTree = "<group>";
		};
		31C1A8942601AE9D00F0AF9C /* Geometry */ = {
			isa = PBXGroup;
			children = (
				31C1A8952601AE9D00F0AF9C /* BaseGeometry.h */,
				31C1A8962601AE9D00F0AF9C /* BaseGeometry.m */,
			);
			path = Geometry;
			sourceTree = "<group>";
		};
		31C1A8972601AE9D00F0AF9C /* Utility */ = {
			isa = PBXGroup;
			children = (
				31C1A8982601AE9D00F0AF9C /* Utility.m */,
				31C1A8992601AE9D00F0AF9C /* Utility.h */,
			);
			path = Utility;
			sourceTree = "<group>";
		};
		31CE2D0C2600B07800FCF46A = {
			isa = PBXGroup;
			children = (
				31CE2D172600B07800FCF46A /* Practice_6_1 */,
				31CE2D162600B07800FCF46A /* Products */,
			);
			sourceTree = "<group>";
		};
		31CE2D162600B07800FCF46A /* Products */ = {
			isa = PBXGroup;
			children = (
				31CE2D152600B07800FCF46A /* Practice_6_1.app */,
			);
			name = Products;
			sourceTree = "<group>";
		};
		31CE2D172600B07800FCF46A /* Practice_6_1 */ = {
			isa = PBXGroup;
			children = (
				31CE2D362600B16300FCF46A /* Gradient */,
				31C1A87F2601AE9D00F0AF9C /* Quartz Book Pack */,
				31CE2D182600B07800FCF46A /* AppDelegate.h */,
				31CE2D192600B07800FCF46A /* AppDelegate.m */,
				31CE2D1B2600B07800FCF46A /* SceneDelegate.h */,
				31CE2D1C2600B07800FCF46A /* SceneDelegate.m */,
				31CE2D1E2600B07800FCF46A /* ViewController.h */,
				31CE2D1F2600B07800FCF46A /* ViewController.m */,
				31CE2D212600B07800FCF46A /* Main.storyboard */,
				31CE2D242600B07B00FCF46A /* Assets.xcassets */,
				31CE2D262600B07B00FCF46A /* LaunchScreen.storyboard */,
				31CE2D292600B07B00FCF46A /* Info.plist */,
				31CE2D2A2600B07B00FCF46A /* main.m */,
				31C1A8A52601B25400F0AF9C /* Practice_6_1.pch */,
			);
			path = Practice_6_1;
			sourceTree = "<group>";
		};
		31CE2D362600B16300FCF46A /* Gradient */ = {
			isa = PBXGroup;
			children = (
				31CE2D322600B15700FCF46A /* MyGradient.h */,
				31CE2D332600B15700FCF46A /* MyGradient.m */,
			);
			path = Gradient;
			sourceTree = "<group>";
		};
/* End PBXGroup section */

/* Begin PBXNativeTarget section */
		31CE2D142600B07800FCF46A /* Practice_6_1 */ = {
			isa = PBXNativeTarget;
			buildConfigurationList = 31CE2D2E2600B07B00FCF46A /* Build configuration list for PBXNativeTarget "Practice_6_1" */;
			buildPhases = (
				31CE2D112600B07800FCF46A /* Sources */,
				31CE2D122600B07800FCF46A /* Frameworks */,
				31CE2D132600B07800FCF46A /* Resources */,
			);
			buildRules = (
			);
			dependencies = (
			);
			name = Practice_6_1;
			productName = Practice_6_1;
			productReference = 31CE2D152600B07800FCF46A /* Practice_6_1.app */;
			productType = "com.apple.product-type.application";
		};
/* End PBXNativeTarget section */

/* Begin PBXProject section */
		31CE2D0D2600B07800FCF46A /* Project object */ = {
			isa = PBXProject;
			attributes = {
				LastUpgradeCheck = 1240;
				TargetAttributes = {
					31CE2D142600B07800FCF46A = {
						CreatedOnToolsVersion = 12.4;
					};
				};
			};
			buildConfigurationList = 31CE2D102600B07800FCF46A /* Build configuration list for PBXProject "Practice_6_1" */;
			compatibilityVersion = "Xcode 9.3";
			developmentRegion = en;
			hasScannedForEncodings = 0;
			knownRegions = (
				en,
				Base,
			);
			mainGroup = 31CE2D0C2600B07800FCF46A;
			productRefGroup = 31CE2D162600B07800FCF46A /* Products */;
			projectDirPath = "";
			projectRoot = "";
			targets = (
				31CE2D142600B07800FCF46A /* Practice_6_1 */,
			);
		};
/* End PBXProject section */

/* Begin PBXResourcesBuildPhase section */
		31CE2D132600B07800FCF46A /* Resources */ = {
			isa = PBXResourcesBuildPhase;
			buildActionMask = 2147483647;
			files = (
				31CE2D282600B07B00FCF46A /* LaunchScreen.storyboard in Resources */,
				31CE2D252600B07B00FCF46A /* Assets.xcassets in Resources */,
				31CE2D232600B07800FCF46A /* Main.storyboard in Resources */,
			);
			runOnlyForDeploymentPostprocessing = 0;
		};
/* End PBXResourcesBuildPhase section */

/* Begin PBXSourcesBuildPhase section */
		31CE2D112600B07800FCF46A /* Sources */ = {
			isa = PBXSourcesBuildPhase;
			buildActionMask = 2147483647;
			files = (
				31CE2D202600B07800FCF46A /* ViewController.m in Sources */,
				31CE2D1A2600B07800FCF46A /* AppDelegate.m in Sources */,
				31C1A89D2601AE9D00F0AF9C /* UIBezierPath+Elements.m in Sources */,
				31C1A89C2601AE9D00F0AF9C /* BezierUtils.m in Sources */,
				31C1A89E2601AE9D00F0AF9C /* Drawing-Util.m in Sources */,
				31C1A89A2601AE9D00F0AF9C /* BezierFunctions.m in Sources */,
				31CE2D2B2600B07B00FCF46A /* main.m in Sources */,
				31C1A8A32601AE9D00F0AF9C /* Utility.m in Sources */,
				31C1A89F2601AE9D00F0AF9C /* Drawing-Block.m in Sources */,
				31C1A8A02601AE9D00F0AF9C /* Drawing-Gradient.m in Sources */,
				31C1A89B2601AE9D00F0AF9C /* BezierElement.m in Sources */,
				31CE2D1D2600B07800FCF46A /* SceneDelegate.m in Sources */,
				31CE2D342600B15700FCF46A /* MyGradient.m in Sources */,
				31C1A8A22601AE9D00F0AF9C /* BaseGeometry.m in Sources */,
				31C1A8A12601AE9D00F0AF9C /* ImageUtils.m in Sources */,
			);
			runOnlyForDeploymentPostprocessing = 0;
		};
/* End PBXSourcesBuildPhase section */

/* Begin PBXVariantGroup section */
		31CE2D212600B07800FCF46A /* Main.storyboard */ = {
			isa = PBXVariantGroup;
			children = (
				31CE2D222600B07800FCF46A /* Base */,
			);
			name = Main.storyboard;
			sourceTree = "<group>";
		};
		31CE2D262600B07B00FCF46A /* LaunchScreen.storyboard */ = {
			isa = PBXVariantGroup;
			children = (
				31CE2D272600B07B00FCF46A /* Base */,
			);
			name = LaunchScreen.storyboard;
			sourceTree = "<group>";
		};
/* End PBXVariantGroup section */

/* Begin XCBuildConfiguration section */
		31CE2D2C2600B07B00FCF46A /* Debug */ = {
			isa = XCBuildConfiguration;
			buildSettings = {
				ALWAYS_SEARCH_USER_PATHS = NO;
				CLANG_ANALYZER_NONNULL = YES;
				CLANG_ANALYZER_NUMBER_OBJECT_CONVERSION = YES_AGGRESSIVE;
				CLANG_CXX_LANGUAGE_STANDARD = "gnu++14";
				CLANG_CXX_LIBRARY = "libc++";
				CLANG_ENABLE_MODULES = YES;
				CLANG_ENABLE_OBJC_ARC = YES;
				CLANG_ENABLE_OBJC_WEAK = YES;
				CLANG_WARN_BLOCK_CAPTURE_AUTORELEASING = YES;
				CLANG_WARN_BOOL_CONVERSION = YES;
				CLANG_WARN_COMMA = YES;
				CLANG_WARN_CONSTANT_CONVERSION = YES;
				CLANG_WARN_DEPRECATED_OBJC_IMPLEMENTATIONS = YES;
				CLANG_WARN_DIRECT_OBJC_ISA_USAGE = YES_ERROR;
				CLANG_WARN_DOCUMENTATION_COMMENTS = YES;
				CLANG_WARN_EMPTY_BODY = YES;
				CLANG_WARN_ENUM_CONVERSION = YES;
				CLANG_WARN_INFINITE_RECURSION = YES;
				CLANG_WARN_INT_CONVERSION = YES;
				CLANG_WARN_NON_LITERAL_NULL_CONVERSION = YES;
				CLANG_WARN_OBJC_IMPLICIT_RETAIN_SELF = YES;
				CLANG_WARN_OBJC_LITERAL_CONVERSION = YES;
				CLANG_WARN_OBJC_ROOT_CLASS = YES_ERROR;
				CLANG_WARN_QUOTED_INCLUDE_IN_FRAMEWORK_HEADER = YES;
				CLANG_WARN_RANGE_LOOP_ANALYSIS = YES;
				CLANG_WARN_STRICT_PROTOTYPES = YES;
				CLANG_WARN_SUSPICIOUS_MOVE = YES;
				CLANG_WARN_UNGUARDED_AVAILABILITY = YES_AGGRESSIVE;
				CLANG_WARN_UNREACHABLE_CODE = YES;
				CLANG_WARN__DUPLICATE_METHOD_MATCH = YES;
				COPY_PHASE_STRIP = NO;
				DEBUG_INFORMATION_FORMAT = dwarf;
				ENABLE_STRICT_OBJC_MSGSEND = YES;
				ENABLE_TESTABILITY = YES;
				GCC_C_LANGUAGE_STANDARD = gnu11;
				GCC_DYNAMIC_NO_PIC = NO;
				GCC_NO_COMMON_BLOCKS = YES;
				GCC_OPTIMIZATION_LEVEL = 0;
				GCC_PREPROCESSOR_DEFINITIONS = (
					"DEBUG=1",
					"$(inherited)",
				);
				GCC_WARN_64_TO_32_BIT_CONVERSION = YES;
				GCC_WARN_ABOUT_RETURN_TYPE = YES_ERROR;
				GCC_WARN_UNDECLARED_SELECTOR = YES;
				GCC_WARN_UNINITIALIZED_AUTOS = YES_AGGRESSIVE;
				GCC_WARN_UNUSED_FUNCTION = YES;
				GCC_WARN_UNUSED_VARIABLE = YES;
				IPHONEOS_DEPLOYMENT_TARGET = 14.4;
				MTL_ENABLE_DEBUG_INFO = INCLUDE_SOURCE;
				MTL_FAST_MATH = YES;
				ONLY_ACTIVE_ARCH = YES;
				SDKROOT = iphoneos;
			};
			name = Debug;
		};
		31CE2D2D2600B07B00FCF46A /* Release */ = {
			isa = XCBuildConfiguration;
			buildSettings = {
				ALWAYS_SEARCH_USER_PATHS = NO;
				CLANG_ANALYZER_NONNULL = YES;
				CLANG_ANALYZER_NUMBER_OBJECT_CONVERSION = YES_AGGRESSIVE;
				CLANG_CXX_LANGUAGE_STANDARD = "gnu++14";
				CLANG_CXX_LIBRARY = "libc++";
				CLANG_ENABLE_MODULES = YES;
				CLANG_ENABLE_OBJC_ARC = YES;
				CLANG_ENABLE_OBJC_WEAK = YES;
				CLANG_WARN_BLOCK_CAPTURE_AUTORELEASING = YES;
				CLANG_WARN_BOOL_CONVERSION = YES;
				CLANG_WARN_COMMA = YES;
				CLANG_WARN_CONSTANT_CONVERSION = YES;
				CLANG_WARN_DEPRECATED_OBJC_IMPLEMENTATIONS = YES;
				CLANG_WARN_DIRECT_OBJC_ISA_USAGE = YES_ERROR;
				CLANG_WARN_DOCUMENTATION_COMMENTS = YES;
				CLANG_WARN_EMPTY_BODY = YES;
				CLANG_WARN_ENUM_CONVERSION = YES;
				CLANG_WARN_INFINITE_RECURSION = YES;
				CLANG_WARN_INT_CONVERSION = YES;
				CLANG_WARN_NON_LITERAL_NULL_CONVERSION = YES;
				CLANG_WARN_OBJC_IMPLICIT_RETAIN_SELF = YES;
				CLANG_WARN_OBJC_LITERAL_CONVERSION = YES;
				CLANG_WARN_OBJC_ROOT_CLASS = YES_ERROR;
				CLANG_WARN_QUOTED_INCLUDE_IN_FRAMEWORK_HEADER = YES;
				CLANG_WARN_RANGE_LOOP_ANALYSIS = YES;
				CLANG_WARN_STRICT_PROTOTYPES = YES;
				CLANG_WARN_SUSPICIOUS_MOVE = YES;
				CLANG_WARN_UNGUARDED_AVAILABILITY = YES_AGGRESSIVE;
				CLANG_WARN_UNREACHABLE_CODE = YES;
				CLANG_WARN__DUPLICATE_METHOD_MATCH = YES;
				COPY_PHASE_STRIP = NO;
				DEBUG_INFORMATION_FORMAT = "dwarf-with-dsym";
				ENABLE_NS_ASSERTIONS = NO;
				ENABLE_STRICT_OBJC_MSGSEND = YES;
				GCC_C_LANGUAGE_STANDARD = gnu11;
				GCC_NO_COMMON_BLOCKS = YES;
				GCC_WARN_64_TO_32_BIT_CONVERSION = YES;
				GCC_WARN_ABOUT_RETURN_TYPE = YES_ERROR;
				GCC_WARN_UNDECLARED_SELECTOR = YES;
				GCC_WARN_UNINITIALIZED_AUTOS = YES_AGGRESSIVE;
				GCC_WARN_UNUSED_FUNCTION = YES;
				GCC_WARN_UNUSED_VARIABLE = YES;
				IPHONEOS_DEPLOYMENT_TARGET = 14.4;
				MTL_ENABLE_DEBUG_INFO = NO;
				MTL_FAST_MATH = YES;
				SDKROOT = iphoneos;
				VALIDATE_PRODUCT = YES;
			};
			name = Release;
		};
		31CE2D2F2600B07B00FCF46A /* Debug */ = {
			isa = XCBuildConfiguration;
			buildSettings = {
				ASSETCATALOG_COMPILER_APPICON_NAME = AppIcon;
				ASSETCATALOG_COMPILER_GLOBAL_ACCENT_COLOR_NAME = AccentColor;
				CODE_SIGN_STYLE = Automatic;
				GCC_PRECOMPILE_PREFIX_HEADER = YES;
				GCC_PREFIX_HEADER = "$(SRCROOT)/Practice_6_1/Practice_6_1.pch";
				INFOPLIST_FILE = Practice_6_1/Info.plist;
				LD_RUNPATH_SEARCH_PATHS = (
					"$(inherited)",
					"@executable_path/Frameworks",
				);
				PRODUCT_BUNDLE_IDENTIFIER = "generic.Practice-6-1";
				PRODUCT_NAME = "$(TARGET_NAME)";
				TARGETED_DEVICE_FAMILY = "1,2";
			};
			name = Debug;
		};
		31CE2D302600B07B00FCF46A /* Release */ = {
			isa = XCBuildConfiguration;
			buildSettings = {
				ASSETCATALOG_COMPILER_APPICON_NAME = AppIcon;
				ASSETCATALOG_COMPILER_GLOBAL_ACCENT_COLOR_NAME = AccentColor;
				CODE_SIGN_STYLE = Automatic;
				GCC_PRECOMPILE_PREFIX_HEADER = YES;
				GCC_PREFIX_HEADER = "$(SRCROOT)/Practice_6_1/Practice_6_1.pch";
				INFOPLIST_FILE = Practice_6_1/Info.plist;
				LD_RUNPATH_SEARCH_PATHS = (
					"$(inherited)",
					"@executable_path/Frameworks",
				);
				PRODUCT_BUNDLE_IDENTIFIER = "generic.Practice-6-1";
				PRODUCT_NAME = "$(TARGET_NAME)";
				TARGETED_DEVICE_FAMILY = "1,2";
			};
			name = Release;
		};
/* End XCBuildConfiguration section */

/* Begin XCConfigurationList section */
		31CE2D102600B07800FCF46A /* Build configuration list for PBXProject "Practice_6_1" */ = {
			isa = XCConfigurationList;
			buildConfigurations = (
				31CE2D2C2600B07B00FCF46A /* Debug */,
				31CE2D2D2600B07B00FCF46A /* Release */,
			);
			defaultConfigurationIsVisible = 0;
			defaultConfigurationName = Release;
		};
		31CE2D2E2600B07B00FCF46A /* Build configuration list for PBXNativeTarget "Practice_6_1" */ = {
			isa = XCConfigurationList;
			buildConfigurations = (
				31CE2D2F2600B07B00FCF46A /* Debug */,
				31CE2D302600B07B00FCF46A /* Release */,
			);
			defaultConfigurationIsVisible = 0;
			defaultConfigurationName = Release;
		};
/* End XCConfigurationList section */
	};
	rootObject = 31CE2D0D2600B07800FCF46A /* Project object */;
}
